
Microsoft Visual Studio Solution File, Format Version 12.00
# Visual Studio Version 17
VisualStudioVersion = 17.5.002.0
MinimumVisualStudioVersion = 10.0.40219.1
Project("{9A19103F-16F7-4668-BE54-9A1E7A4F7556}") = "EmployeeApp", "EmployeeApp.csproj", "{52EFD32F-AC2E-4697-8202-2A2B0C0EEA84}"
EndProject
Global
	GlobalSection(SolutionConfigurationPlatforms) = preSolution
		Debug|Any CPU = Debug|Any CPU
		Release|Any CPU = Release|Any CPU
	EndGlobalSection
	GlobalSection(ProjectConfigurationPlatforms) = postSolution
		{52EFD32F-AC2E-4697-8202-2A2B0C0EEA84}.Debug|Any CPU.ActiveCfg = Debug|Any CPU
		{52EFD32F-AC2E-4697-8202-2A2B0C0EEA84}.Debug|Any CPU.Build.0 = Debug|Any CPU
		{52EFD32F-AC2E-4697-8202-2A2B0C0EEA84}.Release|Any CPU.ActiveCfg = Release|Any CPU
		{52EFD32F-AC2E-4697-8202-2A2B0C0EEA84}.Release|Any CPU.Build.0 = Release|Any CPU
	EndGlobalSection
	GlobalSection(SolutionProperties) = preSolution
		HideSolutionNode = FALSE
	EndGlobalSection
	GlobalSection(ExtensibilityGlobals) = postSolution
		SolutionGuid = {FB3C554C-358A-4DD3-BA25-D34AB691306C}
	EndGlobalSection
EndGlobal
